
Microsoft Visual Studio Solution File, Format Version 12.00
# Visual Studio 15
VisualStudioVersion = 15.0.28306.52
MinimumVisualStudioVersion = 10.0.40219.1
Project("{FAE04EC0-301F-11D3-BF4B-00C04F79EFBC}") = "AndOr_ConsoleApp5", "AndOr_ConsoleApp5\AndOr_ConsoleApp5.csproj", "{C281AB0B-9437-40F6-BA75-0F72B0397D78}"
EndProject
Global
	GlobalSection(SolutionConfigurationPlatforms) = preSolution
		Debug|Any CPU = Debug|Any CPU
		Release|Any CPU = Release|Any CPU
	EndGlobalSection
	GlobalSection(ProjectConfigurationPlatforms) = postSolution
		{C281AB0B-9437-40F6-BA75-0F72B0397D78}.Debug|Any CPU.ActiveCfg = Debug|Any CPU
		{C281AB0B-9437-40F6-BA75-0F72B0397D78}.Debug|Any CPU.Build.0 = Debug|Any CPU
		{C281AB0B-9437-40F6-BA75-0F72B0397D78}.Release|Any CPU.ActiveCfg = Release|Any CPU
		{C281AB0B-9437-40F6-BA75-0F72B0397D78}.Release|Any CPU.Build.0 = Release|Any CPU
	EndGlobalSection
	GlobalSection(SolutionProperties) = preSolution
		HideSolutionNode = FALSE
	EndGlobalSection
	GlobalSection(ExtensibilityGlobals) = postSolution
		SolutionGuid = {CE45A268-2323-4B54-84CE-A0BF105EF3A9}
	EndGlobalSection
EndGlobal
