
Microsoft Visual Studio Solution File, Format Version 12.00
# Visual Studio 15
VisualStudioVersion = 15.0.28307.136
MinimumVisualStudioVersion = 10.0.40219.1
Project("{FAE04EC0-301F-11D3-BF4B-00C04F79EFBC}") = "Constructors_ConsoleApp1", "Constructors_ConsoleApp1\Constructors_ConsoleApp1.csproj", "{AD7FE546-F8F2-46DB-B6C9-85F77B9E2CC2}"
EndProject
Global
	GlobalSection(SolutionConfigurationPlatforms) = preSolution
		Debug|Any CPU = Debug|Any CPU
		Release|Any CPU = Release|Any CPU
	EndGlobalSection
	GlobalSection(ProjectConfigurationPlatforms) = postSolution
		{AD7FE546-F8F2-46DB-B6C9-85F77B9E2CC2}.Debug|Any CPU.ActiveCfg = Debug|Any CPU
		{AD7FE546-F8F2-46DB-B6C9-85F77B9E2CC2}.Debug|Any CPU.Build.0 = Debug|Any CPU
		{AD7FE546-F8F2-46DB-B6C9-85F77B9E2CC2}.Release|Any CPU.ActiveCfg = Release|Any CPU
		{AD7FE546-F8F2-46DB-B6C9-85F77B9E2CC2}.Release|Any CPU.Build.0 = Release|Any CPU
	EndGlobalSection
	GlobalSection(SolutionProperties) = preSolution
		HideSolutionNode = FALSE
	EndGlobalSection
	GlobalSection(ExtensibilityGlobals) = postSolution
		SolutionGuid = {3835750B-00A3-46C5-9A84-6E289E81F1CE}
	EndGlobalSection
EndGlobal
