
Microsoft Visual Studio Solution File, Format Version 12.00
# Visual Studio 15
VisualStudioVersion = 15.0.28307.136
MinimumVisualStudioVersion = 10.0.40219.1
Project("{FAE04EC0-301F-11D3-BF4B-00C04F79EFBC}") = "Array_ConsoleApp8", "Array_ConsoleApp8\Array_ConsoleApp8.csproj", "{7F533A94-82FA-4ED8-B365-12808AE9369B}"
EndProject
Global
	GlobalSection(SolutionConfigurationPlatforms) = preSolution
		Debug|Any CPU = Debug|Any CPU
		Release|Any CPU = Release|Any CPU
	EndGlobalSection
	GlobalSection(ProjectConfigurationPlatforms) = postSolution
		{7F533A94-82FA-4ED8-B365-12808AE9369B}.Debug|Any CPU.ActiveCfg = Debug|Any CPU
		{7F533A94-82FA-4ED8-B365-12808AE9369B}.Debug|Any CPU.Build.0 = Debug|Any CPU
		{7F533A94-82FA-4ED8-B365-12808AE9369B}.Release|Any CPU.ActiveCfg = Release|Any CPU
		{7F533A94-82FA-4ED8-B365-12808AE9369B}.Release|Any CPU.Build.0 = Release|Any CPU
	EndGlobalSection
	GlobalSection(SolutionProperties) = preSolution
		HideSolutionNode = FALSE
	EndGlobalSection
	GlobalSection(ExtensibilityGlobals) = postSolution
		SolutionGuid = {78632C5F-84C9-4204-89C7-69AF69D17D1C}
	EndGlobalSection
EndGlobal
